<?xml version="1.0" encoding="utf-8"?>
<Project ToolsVersion="4.0" xmlns="http://schemas.microsoft.com/developer/msbuild/2003">
  <ItemGroup>
    <Filter Include="00. Management">
      <UniqueIdentifier>{2d347440-2650-4f8b-9f36-3a42545b2486}</UniqueIdentifier>
    </Filter>
    <Filter Include="01. Scene">
      <UniqueIdentifier>{7955395c-552d-49b2-b088-09403c55fd09}</UniqueIdentifier>
    </Filter>
    <Filter Include="02. Layer">
      <UniqueIdentifier>{ece8dc53-5d62-493e-ae37-df4b5a746ff2}</UniqueIdentifier>
    </Filter>
    <Filter Include="03. GameObject">
      <UniqueIdentifier>{858bbb4a-3521-494a-a55c-94520dfa65a5}</UniqueIdentifier>
    </Filter>
    <Filter Include="04. Component">
      <UniqueIdentifier>{528f7016-4e9a-4a75-ae3b-3098d47de68f}</UniqueIdentifier>
    </Filter>
    <Filter Include="99. Export">
      <UniqueIdentifier>{f88b15d1-2d92-436c-9499-87e23f189eca}</UniqueIdentifier>
    </Filter>
    <Filter Include="04. Component\00. VIBuffer">
      <UniqueIdentifier>{5b05ff96-19c6-4154-a7fd-815d813aea56}</UniqueIdentifier>
    </Filter>
    <Filter Include="04. Component\00. VIBuffer\00. TriCol">
      <UniqueIdentifier>{8ea25e53-23ca-47ac-ac9b-7065385921b8}</UniqueIdentifier>
    </Filter>
    <Filter Include="05. ProtoMgr">
      <UniqueIdentifier>{018e045c-d2cd-48e4-b0b0-39f60b443277}</UniqueIdentifier>
    </Filter>
    <Filter Include="04. Component\00. VIBuffer\01. RcTex">
      <UniqueIdentifier>{8758be5f-4a38-4c66-af38-a5dee613ba92}</UniqueIdentifier>
    </Filter>
    <Filter Include="04. Component\01. Texture">
      <UniqueIdentifier>{a961dd0e-52b2-4d19-93a8-4ee9145dba8d}</UniqueIdentifier>
    </Filter>
    <Filter Include="04. Component\02. Transform">
      <UniqueIdentifier>{2f2fb905-5a3c-41f9-800d-313e094d8b43}</UniqueIdentifier>
    </Filter>
    <Filter Include="03. GameObject\Camera">
      <UniqueIdentifier>{5fe00356-c86b-426c-9611-8a3e6b608682}</UniqueIdentifier>
    </Filter>
    <Filter Include="04. Component\05.StaticMesh">
      <UniqueIdentifier>{2d731ee4-e08d-4caf-a0d2-94b578ced434}</UniqueIdentifier>
    </Filter>
    <Filter Include="04. Component\03.Renderer">
      <UniqueIdentifier>{27bbad06-06bd-460a-a614-d8f6123c9338}</UniqueIdentifier>
    </Filter>
    <Filter Include="04. Component\04.Calculator">
      <UniqueIdentifier>{5f0d7708-32f7-4ab0-b6e6-defc83af54d1}</UniqueIdentifier>
    </Filter>
    <Filter Include="04. Component\00. VIBuffer\02.TerrainTex">
      <UniqueIdentifier>{3173e350-177a-4c01-94f7-d735fabdf316}</UniqueIdentifier>
    </Filter>
    <Filter Include="04. Component\00. VIBuffer\03.CubeTex">
      <UniqueIdentifier>{ba3a66ed-8b73-4bc3-a7c9-39fd168894b9}</UniqueIdentifier>
    </Filter>
    <Filter Include="06.Light">
      <UniqueIdentifier>{6052d7d4-6ad9-454e-b922-6143acf90be6}</UniqueIdentifier>
    </Filter>
    <Filter Include="06.Light\Manager">
      <UniqueIdentifier>{8b973d63-2480-4c1a-9954-348e3a06298a}</UniqueIdentifier>
    </Filter>
    <Filter Include="04. Component\06. Collider">
      <UniqueIdentifier>{d8793ff7-88cd-43eb-b6fb-aa224daa8d0c}</UniqueIdentifier>
    </Filter>
    <Filter Include="04. Component\06. Collider\00.Box">
      <UniqueIdentifier>{8e836841-3940-49c8-97bb-ee7eede33688}</UniqueIdentifier>
    </Filter>
    <Filter Include="04. Component\06. Collider\01.Sphere">
      <UniqueIdentifier>{345f8119-8500-4984-883a-c46b7c2c8a9b}</UniqueIdentifier>
    </Filter>
    <Filter Include="07. RayPickManager">
      <UniqueIdentifier>{7bcbc1e6-a3f3-4e6d-9200-555b7ae1606a}</UniqueIdentifier>
    </Filter>
    <Filter Include="04. Component\07. DynamicMesh">
      <UniqueIdentifier>{c81b36ce-cebe-4da2-ae3c-5baebcdefe25}</UniqueIdentifier>
    </Filter>
    <Filter Include="04. Component\07. DynamicMesh\00.HierarchLoader">
      <UniqueIdentifier>{5e22623a-6aae-44b8-ad30-beb8f0da8c43}</UniqueIdentifier>
    </Filter>
    <Filter Include="04. Component\07. DynamicMesh\01.AniCtrl">
      <UniqueIdentifier>{5c1b1263-697f-4661-bf3a-75ee31b2f714}</UniqueIdentifier>
    </Filter>
    <Filter Include="04. Component\08.Optimization">
      <UniqueIdentifier>{69d69f4e-cf15-4aa0-ae21-4900fe671d23}</UniqueIdentifier>
    </Filter>
    <Filter Include="04. Component\08.Optimization\00.Frustum">
      <UniqueIdentifier>{bd329a76-3f6f-476a-9267-daa10895c7c7}</UniqueIdentifier>
    </Filter>
    <Filter Include="04. Component\09.NaviMesh">
      <UniqueIdentifier>{629a8e0f-7881-445c-831c-0984287e8703}</UniqueIdentifier>
    </Filter>
    <Filter Include="04. Component\09.NaviMesh\00.Cell">
      <UniqueIdentifier>{c4cfe89f-e24b-4e2b-80ae-17d5f4cf9bc9}</UniqueIdentifier>
    </Filter>
    <Filter Include="04. Component\09.NaviMesh\01.Line">
      <UniqueIdentifier>{34894c5d-5bcb-49c2-bdde-daa3c59f4aa3}</UniqueIdentifier>
    </Filter>
    <Filter Include="08.Shader">
      <UniqueIdentifier>{0371cb4c-f221-4f3f-811e-5433ed1442ae}</UniqueIdentifier>
    </Filter>
    <Filter Include="08.Shader\hpp">
      <UniqueIdentifier>{6ef1d2c7-113d-45c4-a897-86ba99fc7589}</UniqueIdentifier>
    </Filter>
    <Filter Include="09.RenderTarget">
      <UniqueIdentifier>{b82dee23-7753-42df-9117-cf97c1576b02}</UniqueIdentifier>
    </Filter>
    <Filter Include="09.RenderTarget\Manger">
      <UniqueIdentifier>{dec1baca-efed-4ebb-86d7-3c95096ac064}</UniqueIdentifier>
    </Filter>
    <Filter Include="10.ColMgr">
      <UniqueIdentifier>{e7efa874-2cba-496b-8d0a-f7ef4bddd71f}</UniqueIdentifier>
    </Filter>
    <Filter Include="03. GameObject\Particle">
      <UniqueIdentifier>{286c5de5-5c80-4948-a248-4bd3355a9a83}</UniqueIdentifier>
    </Filter>
  </ItemGroup>
  <ItemGroup>
    <ClCompile Include="..\Code\Component.cpp">
      <Filter>04. Component</Filter>
    </ClCompile>
    <ClCompile Include="..\Code\GameObject.cpp">
      <Filter>03. GameObject</Filter>
    </ClCompile>
    <ClCompile Include="..\Code\Layer.cpp">
      <Filter>02. Layer</Filter>
    </ClCompile>
    <ClCompile Include="..\Code\Scene.cpp">
      <Filter>01. Scene</Filter>
    </ClCompile>
    <ClCompile Include="..\Code\Management.cpp">
      <Filter>00. Management</Filter>
    </ClCompile>
    <ClCompile Include="..\Code\VIBuffer.cpp">
      <Filter>04. Component\00. VIBuffer</Filter>
    </ClCompile>
    <ClCompile Include="..\Code\TriCol.cpp">
      <Filter>04. Component\00. VIBuffer\00. TriCol</Filter>
    </ClCompile>
    <ClCompile Include="..\Code\ProtoMgr.cpp">
      <Filter>05. ProtoMgr</Filter>
    </ClCompile>
    <ClCompile Include="..\Code\RcTex.cpp">
      <Filter>04. Component\00. VIBuffer\01. RcTex</Filter>
    </ClCompile>
    <ClCompile Include="..\Code\Texture.cpp">
      <Filter>04. Component\01. Texture</Filter>
    </ClCompile>
    <ClCompile Include="..\Code\Transform.cpp">
      <Filter>04. Component\02. Transform</Filter>
    </ClCompile>
    <ClCompile Include="..\Code\Camera.cpp">
      <Filter>03. GameObject\Camera</Filter>
    </ClCompile>
    <ClCompile Include="..\Code\StaticMesh.cpp">
      <Filter>04. Component\05.StaticMesh</Filter>
    </ClCompile>
    <ClCompile Include="..\Code\Renderer.cpp">
      <Filter>04. Component\03.Renderer</Filter>
    </ClCompile>
    <ClCompile Include="..\Code\Calculator.cpp">
      <Filter>04. Component\04.Calculator</Filter>
    </ClCompile>
    <ClCompile Include="..\Code\CubeTex.cpp">
      <Filter>04. Component\00. VIBuffer\03.CubeTex</Filter>
    </ClCompile>
    <ClCompile Include="..\Code\TerrainTex.cpp">
      <Filter>04. Component\00. VIBuffer\02.TerrainTex</Filter>
    </ClCompile>
    <ClCompile Include="..\Code\Light.cpp">
      <Filter>06.Light</Filter>
    </ClCompile>
    <ClCompile Include="..\Code\LightMgr.cpp">
      <Filter>06.Light\Manager</Filter>
    </ClCompile>
    <ClCompile Include="..\Code\Collider.cpp">
      <Filter>04. Component\06. Collider\00.Box</Filter>
    </ClCompile>
    <ClCompile Include="..\Code\ColliderSphere.cpp">
      <Filter>04. Component\06. Collider\01.Sphere</Filter>
    </ClCompile>
    <ClCompile Include="..\Code\RayPickManager.cpp">
      <Filter>07. RayPickManager</Filter>
    </ClCompile>
    <ClCompile Include="..\Code\DynamicMesh.cpp">
      <Filter>04. Component\07. DynamicMesh</Filter>
    </ClCompile>
    <ClCompile Include="..\Code\HierarchyLoader.cpp">
      <Filter>04. Component\07. DynamicMesh\00.HierarchLoader</Filter>
    </ClCompile>
    <ClCompile Include="..\Code\AniCtrl.cpp">
      <Filter>04. Component\07. DynamicMesh\01.AniCtrl</Filter>
    </ClCompile>
    <ClCompile Include="..\Code\Optimization.cpp">
      <Filter>04. Component\08.Optimization</Filter>
    </ClCompile>
    <ClCompile Include="..\Code\Frustum.cpp">
      <Filter>04. Component\08.Optimization\00.Frustum</Filter>
    </ClCompile>
    <ClCompile Include="..\Code\Cell.cpp">
      <Filter>04. Component\09.NaviMesh\00.Cell</Filter>
    </ClCompile>
    <ClCompile Include="..\Code\Line.cpp">
      <Filter>04. Component\09.NaviMesh\01.Line</Filter>
    </ClCompile>
    <ClCompile Include="..\Code\NaviMesh.cpp">
      <Filter>04. Component\09.NaviMesh</Filter>
    </ClCompile>
    <ClCompile Include="..\Code\Shader.cpp">
      <Filter>08.Shader</Filter>
    </ClCompile>
    <ClCompile Include="..\Code\RenderTarget.cpp">
      <Filter>09.RenderTarget</Filter>
    </ClCompile>
    <ClCompile Include="..\Code\RenderTargetMgr.cpp">
      <Filter>09.RenderTarget\Manger</Filter>
    </ClCompile>
    <ClCompile Include="..\Code\ColMgr.cpp">
      <Filter>10.ColMgr</Filter>
    </ClCompile>
    <ClCompile Include="..\Code\ParticleSystem.cpp">
      <Filter>03. GameObject\Particle</Filter>
    </ClCompile>
  </ItemGroup>
  <ItemGroup>
    <ClInclude Include="..\Code\Component.h">
      <Filter>04. Component</Filter>
    </ClInclude>
    <ClInclude Include="..\..\Header\Export_Utility.h">
      <Filter>99. Export</Filter>
    </ClInclude>
    <ClInclude Include="..\Code\GameObject.h">
      <Filter>03. GameObject</Filter>
    </ClInclude>
    <ClInclude Include="..\Code\Layer.h">
      <Filter>02. Layer</Filter>
    </ClInclude>
    <ClInclude Include="..\Code\Scene.h">
      <Filter>01. Scene</Filter>
    </ClInclude>
    <ClInclude Include="..\Code\Management.h">
      <Filter>00. Management</Filter>
    </ClInclude>
    <ClInclude Include="..\Code\VIBuffer.h">
      <Filter>04. Component\00. VIBuffer</Filter>
    </ClInclude>
    <ClInclude Include="..\Code\TriCol.h">
      <Filter>04. Component\00. VIBuffer\00. TriCol</Filter>
    </ClInclude>
    <ClInclude Include="..\Code\ProtoMgr.h">
      <Filter>05. ProtoMgr</Filter>
    </ClInclude>
    <ClInclude Include="..\Code\RcTex.h">
      <Filter>04. Component\00. VIBuffer\01. RcTex</Filter>
    </ClInclude>
    <ClInclude Include="..\Code\Texture.h">
      <Filter>04. Component\01. Texture</Filter>
    </ClInclude>
    <ClInclude Include="..\Code\Transform.h">
      <Filter>04. Component\02. Transform</Filter>
    </ClInclude>
    <ClInclude Include="..\Code\Camera.h">
      <Filter>03. GameObject\Camera</Filter>
    </ClInclude>
    <ClInclude Include="..\Code\StaticMesh.h">
      <Filter>04. Component\05.StaticMesh</Filter>
    </ClInclude>
    <ClInclude Include="..\Code\Renderer.h">
      <Filter>04. Component\03.Renderer</Filter>
    </ClInclude>
    <ClInclude Include="..\Code\Calculator.h">
      <Filter>04. Component\04.Calculator</Filter>
    </ClInclude>
    <ClInclude Include="..\Code\CubeTex.h">
      <Filter>04. Component\00. VIBuffer\03.CubeTex</Filter>
    </ClInclude>
    <ClInclude Include="..\Code\TerrainTex.h">
      <Filter>04. Component\00. VIBuffer\02.TerrainTex</Filter>
    </ClInclude>
    <ClInclude Include="..\Code\Light.h">
      <Filter>06.Light</Filter>
    </ClInclude>
    <ClInclude Include="..\Code\LightMgr.h">
      <Filter>06.Light\Manager</Filter>
    </ClInclude>
    <ClInclude Include="..\Code\Collider.h">
      <Filter>04. Component\06. Collider\00.Box</Filter>
    </ClInclude>
    <ClInclude Include="..\Code\ColliderSphere.h">
      <Filter>04. Component\06. Collider\01.Sphere</Filter>
    </ClInclude>
    <ClInclude Include="..\Code\RayPickManager.h">
      <Filter>07. RayPickManager</Filter>
    </ClInclude>
    <ClInclude Include="..\Code\DynamicMesh.h">
      <Filter>04. Component\07. DynamicMesh</Filter>
    </ClInclude>
    <ClInclude Include="..\Code\HierarchyLoader.h">
      <Filter>04. Component\07. DynamicMesh\00.HierarchLoader</Filter>
    </ClInclude>
    <ClInclude Include="..\Code\AniCtrl.h">
      <Filter>04. Component\07. DynamicMesh\01.AniCtrl</Filter>
    </ClInclude>
    <ClInclude Include="..\Code\Optimization.h">
      <Filter>04. Component\08.Optimization</Filter>
    </ClInclude>
    <ClInclude Include="..\Code\Frustum.h">
      <Filter>04. Component\08.Optimization\00.Frustum</Filter>
    </ClInclude>
    <ClInclude Include="..\Code\Cell.h">
      <Filter>04. Component\09.NaviMesh\00.Cell</Filter>
    </ClInclude>
    <ClInclude Include="..\Code\Line.h">
      <Filter>04. Component\09.NaviMesh\01.Line</Filter>
    </ClInclude>
    <ClInclude Include="..\Code\NaviMesh.h">
      <Filter>04. Component\09.NaviMesh</Filter>
    </ClInclude>
    <ClInclude Include="..\Code\Shader.h">
      <Filter>08.Shader</Filter>
    </ClInclude>
    <ClInclude Include="..\Code\RenderTarget.h">
      <Filter>09.RenderTarget</Filter>
    </ClInclude>
    <ClInclude Include="..\Code\RenderTargetMgr.h">
      <Filter>09.RenderTarget\Manger</Filter>
    </ClInclude>
    <ClInclude Include="..\Code\Shader_Mesh.hpp">
      <Filter>08.Shader\hpp</Filter>
    </ClInclude>
    <ClInclude Include="..\Code\Shader_Sample.hpp">
      <Filter>08.Shader\hpp</Filter>
    </ClInclude>
    <ClInclude Include="..\Code\Shader_Shade.hpp">
      <Filter>08.Shader\hpp</Filter>
    </ClInclude>
    <ClInclude Include="..\Code\Shader_Terrain.hpp">
      <Filter>08.Shader\hpp</Filter>
    </ClInclude>
    <ClInclude Include="..\Code\Shader_Blend.hpp">
      <Filter>08.Shader\hpp</Filter>
    </ClInclude>
    <ClInclude Include="..\Code\Shader_UI.hpp">
      <Filter>08.Shader\hpp</Filter>
    </ClInclude>
    <ClInclude Include="..\Code\ColMgr.h">
      <Filter>10.ColMgr</Filter>
    </ClInclude>
    <ClInclude Include="..\Code\ParticleSystem.h">
      <Filter>03. GameObject\Particle</Filter>
    </ClInclude>
  </ItemGroup>
  <ItemGroup>
    <None Include="..\..\Header\Export_Utility.inl">
      <Filter>99. Export</Filter>
    </None>
  </ItemGroup>
</Project>