<?xml version="1.0" encoding="utf-8"?>
<Project ToolsVersion="4.0" xmlns="http://schemas.microsoft.com/developer/msbuild/2003">
  <ItemGroup>
    <Filter Include="00. MainApp">
      <UniqueIdentifier>{425e0222-bf24-41d6-91eb-299376513496}</UniqueIdentifier>
    </Filter>
    <Filter Include="99. Etc">
      <UniqueIdentifier>{228c049f-bd33-4b15-b9e2-fb57e76367c0}</UniqueIdentifier>
    </Filter>
    <Filter Include="99. Etc\리소스 파일">
      <UniqueIdentifier>{67DA6AB6-F800-4c08-8B7A-83BB121AAD01}</UniqueIdentifier>
      <Extensions>rc;ico;cur;bmp;dlg;rc2;rct;bin;rgs;gif;jpg;jpeg;jpe;resx;tiff;tif;png;wav;mfcribbon-ms</Extensions>
    </Filter>
    <Filter Include="99. Etc\소스 파일">
      <UniqueIdentifier>{4FC737F1-C7A5-4376-A066-2A32D752A2FF}</UniqueIdentifier>
      <Extensions>cpp;c;cc;cxx;def;odl;idl;hpj;bat;asm;asmx</Extensions>
    </Filter>
    <Filter Include="99. Etc\헤더 파일">
      <UniqueIdentifier>{93995380-89BD-4b04-88EB-625FBE52EBFB}</UniqueIdentifier>
      <Extensions>h;hh;hpp;hxx;hm;inl;inc;xsd</Extensions>
    </Filter>
    <Filter Include="01. Scene">
      <UniqueIdentifier>{00a65e06-1bb7-4c89-95dd-ed37253a3663}</UniqueIdentifier>
    </Filter>
    <Filter Include="01. Scene\00. Logo">
      <UniqueIdentifier>{9e0258b9-cc85-4599-b081-38e8b164b52a}</UniqueIdentifier>
    </Filter>
    <Filter Include="01. Scene\01. Stage">
      <UniqueIdentifier>{aee5de3e-da3a-472a-8248-0ce1042374bf}</UniqueIdentifier>
    </Filter>
    <Filter Include="02. GameObject">
      <UniqueIdentifier>{7d8ebbe5-5e5c-4c86-aae3-4511769e47bf}</UniqueIdentifier>
    </Filter>
    <Filter Include="02. GameObject\00. BackGround">
      <UniqueIdentifier>{9d5d7814-ca7a-4204-896e-df2c1dcb9d7c}</UniqueIdentifier>
    </Filter>
    <Filter Include="02. GameObject\01. Character">
      <UniqueIdentifier>{61456f25-37d3-4f47-88af-d3d2a15ac0d2}</UniqueIdentifier>
    </Filter>
    <Filter Include="02. GameObject\01. Character\00. Player">
      <UniqueIdentifier>{39bbe1ba-7054-44df-8cfb-5880a88c10c7}</UniqueIdentifier>
    </Filter>
    <Filter Include="02. GameObject\01. Character\02. NPC">
      <UniqueIdentifier>{bca6e1e5-57ae-457a-a402-925a6c31ec64}</UniqueIdentifier>
    </Filter>
    <Filter Include="02. GameObject\01. Character\01. WaterBoss">
      <UniqueIdentifier>{6d4ee4bd-727f-49c9-9175-2265a4943f07}</UniqueIdentifier>
    </Filter>
    <Filter Include="01. Scene\99. LoadMgr">
      <UniqueIdentifier>{2bcc4c30-1061-4256-81ae-842c3c33eec4}</UniqueIdentifier>
    </Filter>
    <Filter Include="01. Scene\98. SpawnMgr">
      <UniqueIdentifier>{4384acaf-40c5-49e2-b063-6544d08174e9}</UniqueIdentifier>
    </Filter>
    <Filter Include="98.Headers">
      <UniqueIdentifier>{77d4be1d-8203-48a5-bd41-d04d66323aca}</UniqueIdentifier>
    </Filter>
    <Filter Include="01. Scene\02.Loading">
      <UniqueIdentifier>{ddd684c9-5547-44eb-be69-b9c6ebee28c4}</UniqueIdentifier>
    </Filter>
    <Filter Include="02. GameObject\02. Camera">
      <UniqueIdentifier>{28d6a71f-2528-4201-ad1a-3a941e69ed6f}</UniqueIdentifier>
    </Filter>
    <Filter Include="02. GameObject\02. Camera\00.DynamicCamera">
      <UniqueIdentifier>{419a55e4-d209-46db-a33f-73e4b70b5068}</UniqueIdentifier>
    </Filter>
    <Filter Include="02. GameObject\02. Camera\01.StaticCaemra">
      <UniqueIdentifier>{02025ffb-2cec-4ac2-afff-fc298434f094}</UniqueIdentifier>
    </Filter>
    <Filter Include="02. GameObject\03. Terrain">
      <UniqueIdentifier>{c4d0af7e-8b31-4e4a-a343-30dceaf3ad71}</UniqueIdentifier>
    </Filter>
    <Filter Include="02. GameObject\04. UI">
      <UniqueIdentifier>{b34b89cb-ab46-4b3d-9059-91cdacbf1d35}</UniqueIdentifier>
    </Filter>
    <Filter Include="02. GameObject\04. UI\UIMgr">
      <UniqueIdentifier>{555f9912-cb0e-4c2e-81e6-054de7cc20be}</UniqueIdentifier>
    </Filter>
    <Filter Include="97.GameMgr">
      <UniqueIdentifier>{9164c4a6-4e31-4e74-bf3b-01e2bf9887d0}</UniqueIdentifier>
    </Filter>
    <Filter Include="02. GameObject\05. Item">
      <UniqueIdentifier>{f47eeb95-ce5e-42fd-a4d4-25d717a75800}</UniqueIdentifier>
    </Filter>
    <Filter Include="02. GameObject\04. UI\00.WeaponElement">
      <UniqueIdentifier>{cca57c04-0c46-4c0a-b647-ce9a04327894}</UniqueIdentifier>
    </Filter>
    <Filter Include="02. GameObject\04. UI\01.CoreTree">
      <UniqueIdentifier>{ef37c00b-3e50-470a-b6a6-b24867d17bb1}</UniqueIdentifier>
    </Filter>
    <Filter Include="02. GameObject\04. UI\02.CoreList">
      <UniqueIdentifier>{6c4dfe11-e047-4040-9ac0-d77876d0c5c3}</UniqueIdentifier>
    </Filter>
    <Filter Include="02. GameObject\04. UI\03.StoneList">
      <UniqueIdentifier>{cbb3c2a0-2a01-448f-a08d-d1ad92f005ba}</UniqueIdentifier>
    </Filter>
    <Filter Include="02. GameObject\04. UI\04.StoneInfo">
      <UniqueIdentifier>{fbd6350b-0db4-4983-bda1-d5bbe4209749}</UniqueIdentifier>
    </Filter>
    <Filter Include="02. GameObject\04. UI\05.StoreList">
      <UniqueIdentifier>{6d96b6c7-9115-4bfe-835b-2b8d1d055650}</UniqueIdentifier>
    </Filter>
  </ItemGroup>
  <ItemGroup>
    <ClInclude Include="stdafx.h">
      <Filter>99. Etc\헤더 파일</Filter>
    </ClInclude>
    <ClInclude Include="targetver.h">
      <Filter>99. Etc\헤더 파일</Filter>
    </ClInclude>
    <ClInclude Include="Resource.h">
      <Filter>99. Etc\헤더 파일</Filter>
    </ClInclude>
    <ClInclude Include="Client.h">
      <Filter>99. Etc\헤더 파일</Filter>
    </ClInclude>
    <ClInclude Include="..\Code\MainApp.h">
      <Filter>00. MainApp</Filter>
    </ClInclude>
    <ClInclude Include="..\Code\Define.h">
      <Filter>99. Etc\헤더 파일</Filter>
    </ClInclude>
    <ClInclude Include="..\Code\Logo.h">
      <Filter>01. Scene\00. Logo</Filter>
    </ClInclude>
    <ClInclude Include="..\Code\BackGround.h">
      <Filter>02. GameObject\00. BackGround</Filter>
    </ClInclude>
    <ClInclude Include="..\Code\Player.h">
      <Filter>02. GameObject\01. Character\00. Player</Filter>
    </ClInclude>
    <ClInclude Include="..\Code\LoadMgr.h">
      <Filter>01. Scene\99. LoadMgr</Filter>
    </ClInclude>
    <ClInclude Include="..\Code\SpawnMgr.h">
      <Filter>01. Scene\98. SpawnMgr</Filter>
    </ClInclude>
    <ClInclude Include="..\Code\Loading.h">
      <Filter>01. Scene\02.Loading</Filter>
    </ClInclude>
    <ClInclude Include="..\Code\Stage.h">
      <Filter>01. Scene\01. Stage</Filter>
    </ClInclude>
    <ClInclude Include="..\Code\DynamicCamera.h">
      <Filter>02. GameObject\02. Camera\00.DynamicCamera</Filter>
    </ClInclude>
    <ClInclude Include="..\Code\Terrain.h">
      <Filter>02. GameObject\03. Terrain</Filter>
    </ClInclude>
    <ClInclude Include="..\Code\Enum.h">
      <Filter>98.Headers</Filter>
    </ClInclude>
    <ClInclude Include="..\Code\Struct.h">
      <Filter>98.Headers</Filter>
    </ClInclude>
    <ClInclude Include="..\Code\StaticCamera.h">
      <Filter>02. GameObject\02. Camera\01.StaticCaemra</Filter>
    </ClInclude>
    <ClInclude Include="..\Code\UIMgr.h">
      <Filter>02. GameObject\04. UI\UIMgr</Filter>
    </ClInclude>
    <ClInclude Include="..\Code\UI.h">
      <Filter>02. GameObject\04. UI</Filter>
    </ClInclude>
    <ClInclude Include="..\Code\GameMgr.h">
      <Filter>97.GameMgr</Filter>
    </ClInclude>
    <ClInclude Include="..\Code\WaterBoss.h">
      <Filter>02. GameObject\01. Character\01. WaterBoss</Filter>
    </ClInclude>
  </ItemGroup>
  <ItemGroup>
    <ClCompile Include="stdafx.cpp">
      <Filter>99. Etc\소스 파일</Filter>
    </ClCompile>
    <ClCompile Include="Client.cpp">
      <Filter>99. Etc\소스 파일</Filter>
    </ClCompile>
    <ClCompile Include="..\Code\MainApp.cpp">
      <Filter>00. MainApp</Filter>
    </ClCompile>
    <ClCompile Include="..\Code\Logo.cpp">
      <Filter>01. Scene\00. Logo</Filter>
    </ClCompile>
    <ClCompile Include="..\Code\BackGround.cpp">
      <Filter>02. GameObject\00. BackGround</Filter>
    </ClCompile>
    <ClCompile Include="..\Code\Player.cpp">
      <Filter>02. GameObject\01. Character\00. Player</Filter>
    </ClCompile>
    <ClCompile Include="..\Code\LoadMgr.cpp">
      <Filter>01. Scene\99. LoadMgr</Filter>
    </ClCompile>
    <ClCompile Include="..\Code\SpawnMgr.cpp">
      <Filter>01. Scene\98. SpawnMgr</Filter>
    </ClCompile>
    <ClCompile Include="..\Code\Loading.cpp">
      <Filter>01. Scene\02.Loading</Filter>
    </ClCompile>
    <ClCompile Include="..\Code\Stage.cpp">
      <Filter>01. Scene\01. Stage</Filter>
    </ClCompile>
    <ClCompile Include="..\Code\DynamicCamera.cpp">
      <Filter>02. GameObject\02. Camera\00.DynamicCamera</Filter>
    </ClCompile>
    <ClCompile Include="..\Code\Terrain.cpp">
      <Filter>02. GameObject\03. Terrain</Filter>
    </ClCompile>
    <ClCompile Include="..\Code\StaticCamera.cpp">
      <Filter>02. GameObject\02. Camera\01.StaticCaemra</Filter>
    </ClCompile>
    <ClCompile Include="..\Code\UIMgr.cpp">
      <Filter>02. GameObject\04. UI\UIMgr</Filter>
    </ClCompile>
    <ClCompile Include="..\Code\UI.cpp">
      <Filter>02. GameObject\04. UI</Filter>
    </ClCompile>
    <ClCompile Include="..\Code\GameMgr.cpp">
      <Filter>97.GameMgr</Filter>
    </ClCompile>
    <ClCompile Include="..\Code\WaterBoss.cpp">
      <Filter>02. GameObject\01. Character\01. WaterBoss</Filter>
    </ClCompile>
  </ItemGroup>
  <ItemGroup>
    <ResourceCompile Include="Client.rc">
      <Filter>99. Etc\리소스 파일</Filter>
    </ResourceCompile>
  </ItemGroup>
  <ItemGroup>
    <Image Include="small.ico">
      <Filter>99. Etc\리소스 파일</Filter>
    </Image>
    <Image Include="Client.ico">
      <Filter>99. Etc\리소스 파일</Filter>
    </Image>
  </ItemGroup>
  <ItemGroup>
    <Text Include="ReadMe.txt">
      <Filter>99. Etc\리소스 파일</Filter>
    </Text>
  </ItemGroup>
</Project>