<?xml version="1.0" encoding="utf-8"?>
<Project ToolsVersion="4.0" xmlns="http://schemas.microsoft.com/developer/msbuild/2003">
  <ItemGroup>
    <Filter Include="00. MainApp">
      <UniqueIdentifier>{425e0222-bf24-41d6-91eb-299376513496}</UniqueIdentifier>
    </Filter>
    <Filter Include="99. Etc">
      <UniqueIdentifier>{228c049f-bd33-4b15-b9e2-fb57e76367c0}</UniqueIdentifier>
    </Filter>
    <Filter Include="99. Etc\리소스 파일">
      <UniqueIdentifier>{67DA6AB6-F800-4c08-8B7A-83BB121AAD01}</UniqueIdentifier>
      <Extensions>rc;ico;cur;bmp;dlg;rc2;rct;bin;rgs;gif;jpg;jpeg;jpe;resx;tiff;tif;png;wav;mfcribbon-ms</Extensions>
    </Filter>
    <Filter Include="99. Etc\소스 파일">
      <UniqueIdentifier>{4FC737F1-C7A5-4376-A066-2A32D752A2FF}</UniqueIdentifier>
      <Extensions>cpp;c;cc;cxx;def;odl;idl;hpj;bat;asm;asmx</Extensions>
    </Filter>
    <Filter Include="99. Etc\헤더 파일">
      <UniqueIdentifier>{93995380-89BD-4b04-88EB-625FBE52EBFB}</UniqueIdentifier>
      <Extensions>h;hh;hpp;hxx;hm;inl;inc;xsd</Extensions>
    </Filter>
    <Filter Include="01. Scene">
      <UniqueIdentifier>{00a65e06-1bb7-4c89-95dd-ed37253a3663}</UniqueIdentifier>
    </Filter>
    <Filter Include="01. Scene\00. Logo">
      <UniqueIdentifier>{9e0258b9-cc85-4599-b081-38e8b164b52a}</UniqueIdentifier>
    </Filter>
    <Filter Include="01. Scene\01. Stage">
      <UniqueIdentifier>{aee5de3e-da3a-472a-8248-0ce1042374bf}</UniqueIdentifier>
    </Filter>
    <Filter Include="02. GameObject">
      <UniqueIdentifier>{7d8ebbe5-5e5c-4c86-aae3-4511769e47bf}</UniqueIdentifier>
    </Filter>
    <Filter Include="02. GameObject\00. BackGround">
      <UniqueIdentifier>{9d5d7814-ca7a-4204-896e-df2c1dcb9d7c}</UniqueIdentifier>
    </Filter>
    <Filter Include="02. GameObject\01. Character">
      <UniqueIdentifier>{61456f25-37d3-4f47-88af-d3d2a15ac0d2}</UniqueIdentifier>
    </Filter>
    <Filter Include="02. GameObject\01. Character\00. Player">
      <UniqueIdentifier>{39bbe1ba-7054-44df-8cfb-5880a88c10c7}</UniqueIdentifier>
    </Filter>
    <Filter Include="02. GameObject\01. Character\02. NPC">
      <UniqueIdentifier>{bca6e1e5-57ae-457a-a402-925a6c31ec64}</UniqueIdentifier>
    </Filter>
    <Filter Include="02. GameObject\01. Character\01. WaterBoss">
      <UniqueIdentifier>{6d4ee4bd-727f-49c9-9175-2265a4943f07}</UniqueIdentifier>
    </Filter>
    <Filter Include="98.Headers">
      <UniqueIdentifier>{77d4be1d-8203-48a5-bd41-d04d66323aca}</UniqueIdentifier>
    </Filter>
    <Filter Include="01. Scene\02.Loading">
      <UniqueIdentifier>{ddd684c9-5547-44eb-be69-b9c6ebee28c4}</UniqueIdentifier>
    </Filter>
    <Filter Include="02. GameObject\02. Camera">
      <UniqueIdentifier>{28d6a71f-2528-4201-ad1a-3a941e69ed6f}</UniqueIdentifier>
    </Filter>
    <Filter Include="02. GameObject\02. Camera\00.DynamicCamera">
      <UniqueIdentifier>{419a55e4-d209-46db-a33f-73e4b70b5068}</UniqueIdentifier>
    </Filter>
    <Filter Include="02. GameObject\02. Camera\01.StaticCaemra">
      <UniqueIdentifier>{02025ffb-2cec-4ac2-afff-fc298434f094}</UniqueIdentifier>
    </Filter>
    <Filter Include="02. GameObject\03. Terrain">
      <UniqueIdentifier>{c4d0af7e-8b31-4e4a-a343-30dceaf3ad71}</UniqueIdentifier>
    </Filter>
    <Filter Include="02. GameObject\04. UI">
      <UniqueIdentifier>{b34b89cb-ab46-4b3d-9059-91cdacbf1d35}</UniqueIdentifier>
    </Filter>
    <Filter Include="02. GameObject\04. UI\UIMgr">
      <UniqueIdentifier>{555f9912-cb0e-4c2e-81e6-054de7cc20be}</UniqueIdentifier>
    </Filter>
    <Filter Include="97.GameMgr">
      <UniqueIdentifier>{9164c4a6-4e31-4e74-bf3b-01e2bf9887d0}</UniqueIdentifier>
    </Filter>
    <Filter Include="02. GameObject\05. Item">
      <UniqueIdentifier>{f47eeb95-ce5e-42fd-a4d4-25d717a75800}</UniqueIdentifier>
    </Filter>
    <Filter Include="96. LoadMgr">
      <UniqueIdentifier>{2bcc4c30-1061-4256-81ae-842c3c33eec4}</UniqueIdentifier>
    </Filter>
    <Filter Include="95. SpawnMgr">
      <UniqueIdentifier>{4384acaf-40c5-49e2-b063-6544d08174e9}</UniqueIdentifier>
    </Filter>
    <Filter Include="02. GameObject\99. Colider">
      <UniqueIdentifier>{214f2117-eaee-4e34-9618-bbcbe8c74f3e}</UniqueIdentifier>
    </Filter>
    <Filter Include="02. GameObject\06. Bullet">
      <UniqueIdentifier>{627e63ab-e691-4b88-aebe-2609179ae232}</UniqueIdentifier>
    </Filter>
    <Filter Include="02. GameObject\01. Character\01. WaterBoss\Orb">
      <UniqueIdentifier>{fb8cb8a4-8954-4c35-9d3e-ef4651a821df}</UniqueIdentifier>
    </Filter>
    <Filter Include="02. GameObject\07. Effect">
      <UniqueIdentifier>{12b85742-fde3-4a0c-95ed-8e0dff5ad626}</UniqueIdentifier>
    </Filter>
    <Filter Include="02. GameObject\07. Effect\EffMgr">
      <UniqueIdentifier>{55bb53fa-10f3-4b5e-b0bd-80a52cfcc564}</UniqueIdentifier>
    </Filter>
    <Filter Include="02. GameObject\08.Map">
      <UniqueIdentifier>{1fa00e24-8838-4be3-a547-33a7fe86db20}</UniqueIdentifier>
    </Filter>
    <Filter Include="02. GameObject\09. Chest">
      <UniqueIdentifier>{8c73c223-0060-4872-83fa-d8bc26267506}</UniqueIdentifier>
    </Filter>
    <Filter Include="02. GameObject\10. Player_Barrier">
      <UniqueIdentifier>{bcc70cae-44f7-49ce-aad1-77d1d56fda5f}</UniqueIdentifier>
    </Filter>
    <Filter Include="02. GameObject\11. WaterFall">
      <UniqueIdentifier>{cd84f340-e468-4dfc-871e-43587c2271a1}</UniqueIdentifier>
    </Filter>
    <Filter Include="02. GameObject\01. Character\02. NPC\Dis">
      <UniqueIdentifier>{d988eb84-caa4-4fc2-b39e-b561ec12330b}</UniqueIdentifier>
    </Filter>
    <Filter Include="02. GameObject\01. Character\02. NPC\Vulgrim">
      <UniqueIdentifier>{c4441090-d9d5-4b12-85c4-5bf60dcbf038}</UniqueIdentifier>
    </Filter>
    <Filter Include="02. GameObject\01. Character\03.Enemy">
      <UniqueIdentifier>{00eb9f4a-976e-4039-8dde-d9d707284f6b}</UniqueIdentifier>
    </Filter>
    <Filter Include="02. GameObject\01. Character\03.Enemy\Grinner">
      <UniqueIdentifier>{5d097f65-5000-40b1-b0be-ad33a1a7a479}</UniqueIdentifier>
    </Filter>
    <Filter Include="02. GameObject\01. Character\03.Enemy\Goblin">
      <UniqueIdentifier>{603d41a5-2a58-4ce8-a49b-475550754cba}</UniqueIdentifier>
    </Filter>
    <Filter Include="02. GameObject\01. Character\03.Enemy\Angel">
      <UniqueIdentifier>{7cd60af5-5c36-4bd8-93a4-1ea4324a7db0}</UniqueIdentifier>
    </Filter>
    <Filter Include="02. GameObject\12. JumpBall">
      <UniqueIdentifier>{8b852225-bf74-49f7-8a21-ccac7450d34c}</UniqueIdentifier>
    </Filter>
    <Filter Include="01. Scene\03.StartStage">
      <UniqueIdentifier>{0037cdb7-e5ee-4d77-9620-c8b50826b5aa}</UniqueIdentifier>
    </Filter>
    <Filter Include="02. GameObject\13.Serpent">
      <UniqueIdentifier>{9132482f-f5be-4a59-b388-074e5b552630}</UniqueIdentifier>
    </Filter>
    <Filter Include="02. GameObject\00. BackGround\Main">
      <UniqueIdentifier>{70454198-d2e7-46b6-9b7f-58192c633fc8}</UniqueIdentifier>
    </Filter>
    <Filter Include="02. GameObject\07. Effect\EffectMesh">
      <UniqueIdentifier>{e8ab5e78-001e-4f51-ab19-2d9bb96a08ac}</UniqueIdentifier>
    </Filter>
    <Filter Include="02. GameObject\07. Effect\Effect2D">
      <UniqueIdentifier>{5d2921b2-0f2b-4d3a-aac7-fea7b986c346}</UniqueIdentifier>
    </Filter>
  </ItemGroup>
  <ItemGroup>
    <ClInclude Include="stdafx.h">
      <Filter>99. Etc\헤더 파일</Filter>
    </ClInclude>
    <ClInclude Include="targetver.h">
      <Filter>99. Etc\헤더 파일</Filter>
    </ClInclude>
    <ClInclude Include="Resource.h">
      <Filter>99. Etc\헤더 파일</Filter>
    </ClInclude>
    <ClInclude Include="Client.h">
      <Filter>99. Etc\헤더 파일</Filter>
    </ClInclude>
    <ClInclude Include="..\Code\MainApp.h">
      <Filter>00. MainApp</Filter>
    </ClInclude>
    <ClInclude Include="..\Code\Define.h">
      <Filter>99. Etc\헤더 파일</Filter>
    </ClInclude>
    <ClInclude Include="..\Code\Logo.h">
      <Filter>01. Scene\00. Logo</Filter>
    </ClInclude>
    <ClInclude Include="..\Code\BackGround.h">
      <Filter>02. GameObject\00. BackGround</Filter>
    </ClInclude>
    <ClInclude Include="..\Code\Player.h">
      <Filter>02. GameObject\01. Character\00. Player</Filter>
    </ClInclude>
    <ClInclude Include="..\Code\LoadMgr.h">
      <Filter>96. LoadMgr</Filter>
    </ClInclude>
    <ClInclude Include="..\Code\SpawnMgr.h">
      <Filter>95. SpawnMgr</Filter>
    </ClInclude>
    <ClInclude Include="..\Code\Loading.h">
      <Filter>01. Scene\02.Loading</Filter>
    </ClInclude>
    <ClInclude Include="..\Code\Stage.h">
      <Filter>01. Scene\01. Stage</Filter>
    </ClInclude>
    <ClInclude Include="..\Code\DynamicCamera.h">
      <Filter>02. GameObject\02. Camera\00.DynamicCamera</Filter>
    </ClInclude>
    <ClInclude Include="..\Code\Terrain.h">
      <Filter>02. GameObject\03. Terrain</Filter>
    </ClInclude>
    <ClInclude Include="..\Code\Enum.h">
      <Filter>98.Headers</Filter>
    </ClInclude>
    <ClInclude Include="..\Code\Struct.h">
      <Filter>98.Headers</Filter>
    </ClInclude>
    <ClInclude Include="..\Code\StaticCamera.h">
      <Filter>02. GameObject\02. Camera\01.StaticCaemra</Filter>
    </ClInclude>
    <ClInclude Include="..\Code\UIMgr.h">
      <Filter>02. GameObject\04. UI\UIMgr</Filter>
    </ClInclude>
    <ClInclude Include="..\Code\UI.h">
      <Filter>02. GameObject\04. UI</Filter>
    </ClInclude>
    <ClInclude Include="..\Code\GameMgr.h">
      <Filter>97.GameMgr</Filter>
    </ClInclude>
    <ClInclude Include="..\Code\WaterBoss.h">
      <Filter>02. GameObject\01. Character\01. WaterBoss</Filter>
    </ClInclude>
    <ClInclude Include="..\Code\ColMesh.h">
      <Filter>02. GameObject\99. Colider</Filter>
    </ClInclude>
    <ClInclude Include="..\Code\Bullet.h">
      <Filter>02. GameObject\06. Bullet</Filter>
    </ClInclude>
    <ClInclude Include="..\Code\EffMgr.h">
      <Filter>02. GameObject\07. Effect\EffMgr</Filter>
    </ClInclude>
    <ClInclude Include="..\Code\Building.h">
      <Filter>02. GameObject\08.Map</Filter>
    </ClInclude>
    <ClInclude Include="..\Code\Grinner.h">
      <Filter>02. GameObject\01. Character\03.Enemy\Grinner</Filter>
    </ClInclude>
    <ClInclude Include="..\Code\Goblin.h">
      <Filter>02. GameObject\01. Character\03.Enemy\Goblin</Filter>
    </ClInclude>
    <ClInclude Include="..\Code\Chest.h">
      <Filter>02. GameObject\09. Chest</Filter>
    </ClInclude>
    <ClInclude Include="..\Code\WaterBoss_Orb.h">
      <Filter>02. GameObject\01. Character\01. WaterBoss\Orb</Filter>
    </ClInclude>
    <ClInclude Include="..\Code\WaterFall.h">
      <Filter>02. GameObject\11. WaterFall</Filter>
    </ClInclude>
    <ClInclude Include="..\Code\Player_Barrier.h">
      <Filter>02. GameObject\10. Player_Barrier</Filter>
    </ClInclude>
    <ClInclude Include="..\Code\Item.h">
      <Filter>02. GameObject\05. Item</Filter>
    </ClInclude>
    <ClInclude Include="..\Code\Dis.h">
      <Filter>02. GameObject\01. Character\02. NPC\Dis</Filter>
    </ClInclude>
    <ClInclude Include="..\Code\Vulgrim.h">
      <Filter>02. GameObject\01. Character\02. NPC\Vulgrim</Filter>
    </ClInclude>
    <ClInclude Include="..\Code\Angel.h">
      <Filter>02. GameObject\01. Character\03.Enemy\Angel</Filter>
    </ClInclude>
    <ClInclude Include="..\Code\JumpBall.h">
      <Filter>02. GameObject\12. JumpBall</Filter>
    </ClInclude>
    <ClInclude Include="..\Code\Serpent.h">
      <Filter>02. GameObject\13.Serpent</Filter>
    </ClInclude>
    <ClInclude Include="..\Code\StartStage.h">
      <Filter>01. Scene\03.StartStage</Filter>
    </ClInclude>
    <ClInclude Include="..\Code\MainLogo.h">
      <Filter>02. GameObject\00. BackGround\Main</Filter>
    </ClInclude>
    <ClInclude Include="..\Code\EffectMesh.h">
      <Filter>02. GameObject\07. Effect\EffectMesh</Filter>
    </ClInclude>
    <ClInclude Include="..\Code\Effect.h">
      <Filter>02. GameObject\07. Effect\Effect2D</Filter>
    </ClInclude>
  </ItemGroup>
  <ItemGroup>
    <ClCompile Include="stdafx.cpp">
      <Filter>99. Etc\소스 파일</Filter>
    </ClCompile>
    <ClCompile Include="Client.cpp">
      <Filter>99. Etc\소스 파일</Filter>
    </ClCompile>
    <ClCompile Include="..\Code\MainApp.cpp">
      <Filter>00. MainApp</Filter>
    </ClCompile>
    <ClCompile Include="..\Code\Logo.cpp">
      <Filter>01. Scene\00. Logo</Filter>
    </ClCompile>
    <ClCompile Include="..\Code\BackGround.cpp">
      <Filter>02. GameObject\00. BackGround</Filter>
    </ClCompile>
    <ClCompile Include="..\Code\Player.cpp">
      <Filter>02. GameObject\01. Character\00. Player</Filter>
    </ClCompile>
    <ClCompile Include="..\Code\LoadMgr.cpp">
      <Filter>96. LoadMgr</Filter>
    </ClCompile>
    <ClCompile Include="..\Code\SpawnMgr.cpp">
      <Filter>95. SpawnMgr</Filter>
    </ClCompile>
    <ClCompile Include="..\Code\Loading.cpp">
      <Filter>01. Scene\02.Loading</Filter>
    </ClCompile>
    <ClCompile Include="..\Code\Stage.cpp">
      <Filter>01. Scene\01. Stage</Filter>
    </ClCompile>
    <ClCompile Include="..\Code\DynamicCamera.cpp">
      <Filter>02. GameObject\02. Camera\00.DynamicCamera</Filter>
    </ClCompile>
    <ClCompile Include="..\Code\Terrain.cpp">
      <Filter>02. GameObject\03. Terrain</Filter>
    </ClCompile>
    <ClCompile Include="..\Code\StaticCamera.cpp">
      <Filter>02. GameObject\02. Camera\01.StaticCaemra</Filter>
    </ClCompile>
    <ClCompile Include="..\Code\UIMgr.cpp">
      <Filter>02. GameObject\04. UI\UIMgr</Filter>
    </ClCompile>
    <ClCompile Include="..\Code\UI.cpp">
      <Filter>02. GameObject\04. UI</Filter>
    </ClCompile>
    <ClCompile Include="..\Code\GameMgr.cpp">
      <Filter>97.GameMgr</Filter>
    </ClCompile>
    <ClCompile Include="..\Code\WaterBoss.cpp">
      <Filter>02. GameObject\01. Character\01. WaterBoss</Filter>
    </ClCompile>
    <ClCompile Include="..\Code\ColMesh.cpp">
      <Filter>02. GameObject\99. Colider</Filter>
    </ClCompile>
    <ClCompile Include="..\Code\Bullet.cpp">
      <Filter>02. GameObject\06. Bullet</Filter>
    </ClCompile>
    <ClCompile Include="..\Code\EffMgr.cpp">
      <Filter>02. GameObject\07. Effect\EffMgr</Filter>
    </ClCompile>
    <ClCompile Include="..\Code\Building.cpp">
      <Filter>02. GameObject\08.Map</Filter>
    </ClCompile>
    <ClCompile Include="..\Code\Grinner.cpp">
      <Filter>02. GameObject\01. Character\03.Enemy\Grinner</Filter>
    </ClCompile>
    <ClCompile Include="..\Code\Goblin.cpp">
      <Filter>02. GameObject\01. Character\03.Enemy\Goblin</Filter>
    </ClCompile>
    <ClCompile Include="..\Code\Chest.cpp">
      <Filter>02. GameObject\09. Chest</Filter>
    </ClCompile>
    <ClCompile Include="..\Code\WaterBoss_Orb.cpp">
      <Filter>02. GameObject\01. Character\01. WaterBoss\Orb</Filter>
    </ClCompile>
    <ClCompile Include="..\Code\WaterFall.cpp">
      <Filter>02. GameObject\11. WaterFall</Filter>
    </ClCompile>
    <ClCompile Include="..\Code\Player_Barrier.cpp">
      <Filter>02. GameObject\10. Player_Barrier</Filter>
    </ClCompile>
    <ClCompile Include="..\Code\Item.cpp">
      <Filter>02. GameObject\05. Item</Filter>
    </ClCompile>
    <ClCompile Include="..\Code\Dis.cpp">
      <Filter>02. GameObject\01. Character\02. NPC\Dis</Filter>
    </ClCompile>
    <ClCompile Include="..\Code\Vulgrim.cpp">
      <Filter>02. GameObject\01. Character\02. NPC\Vulgrim</Filter>
    </ClCompile>
    <ClCompile Include="..\Code\Angel.cpp">
      <Filter>02. GameObject\01. Character\03.Enemy\Angel</Filter>
    </ClCompile>
    <ClCompile Include="..\Code\JumpBall.cpp">
      <Filter>02. GameObject\12. JumpBall</Filter>
    </ClCompile>
    <ClCompile Include="..\Code\Serpent.cpp">
      <Filter>02. GameObject\13.Serpent</Filter>
    </ClCompile>
    <ClCompile Include="..\Code\StartStage.cpp">
      <Filter>01. Scene\03.StartStage</Filter>
    </ClCompile>
    <ClCompile Include="..\Code\MainLogo.cpp">
      <Filter>02. GameObject\00. BackGround\Main</Filter>
    </ClCompile>
    <ClCompile Include="..\Code\EffectMesh.cpp">
      <Filter>02. GameObject\07. Effect\EffectMesh</Filter>
    </ClCompile>
    <ClCompile Include="..\Code\Effect.cpp">
      <Filter>02. GameObject\07. Effect\Effect2D</Filter>
    </ClCompile>
  </ItemGroup>
  <ItemGroup>
    <ResourceCompile Include="Client.rc">
      <Filter>99. Etc\리소스 파일</Filter>
    </ResourceCompile>
  </ItemGroup>
  <ItemGroup>
    <Image Include="small.ico">
      <Filter>99. Etc\리소스 파일</Filter>
    </Image>
    <Image Include="Client.ico">
      <Filter>99. Etc\리소스 파일</Filter>
    </Image>
  </ItemGroup>
  <ItemGroup>
    <Text Include="ReadMe.txt">
      <Filter>99. Etc\리소스 파일</Filter>
    </Text>
  </ItemGroup>
</Project>